
Microsoft Visual Studio Solution File, Format Version 12.00
# Visual Studio Version 17
VisualStudioVersion = 17.7.34003.232
MinimumVisualStudioVersion = 10.0.40219.1
Project("{FAE04EC0-301F-11D3-BF4B-00C04F79EFBC}") = "Authentication", "Authentication.csproj", "{FBE9B295-B411-4577-A556-EAB07BA1F634}"
EndProject
Global
	GlobalSection(SolutionConfigurationPlatforms) = preSolution
		Debug|Any CPU = Debug|Any CPU
		Release|Any CPU = Release|Any CPU
	EndGlobalSection
	GlobalSection(ProjectConfigurationPlatforms) = postSolution
		{FBE9B295-B411-4577-A556-EAB07BA1F634}.Debug|Any CPU.ActiveCfg = Debug|Any CPU
		{FBE9B295-B411-4577-A556-EAB07BA1F634}.Debug|Any CPU.Build.0 = Debug|Any CPU
		{FBE9B295-B411-4577-A556-EAB07BA1F634}.Release|Any CPU.ActiveCfg = Release|Any CPU
		{FBE9B295-B411-4577-A556-EAB07BA1F634}.Release|Any CPU.Build.0 = Release|Any CPU
	EndGlobalSection
	GlobalSection(SolutionProperties) = preSolution
		HideSolutionNode = FALSE
	EndGlobalSection
	GlobalSection(ExtensibilityGlobals) = postSolution
		SolutionGuid = {7EA246B1-47BD-489C-8A38-B1D4D7AE3DCF}
	EndGlobalSection
EndGlobal
